{
    "_readme": [
        "This file locks the dependencies of your project to a known state",
        "Read more about it at https://getcomposer.org/doc/01-basic-usage.md#installing-dependencies",
        "This file is @generated automatically"
    ],
    "content-hash": "197090cf4edcbad06a8dc4d1633eb3f5",
    "packages": [
        {
            "name": "admedia/cms",
            "version": "v2.22.0",
            "source": {
                "type": "git",
                "url": "https://github.com/pfnunes15/admedia-cms-core.git",
                "reference": "1f27bb8db43f49b2803bb8fbc406a99728bf4c0b"
            },
            "dist": {
                "type": "zip",
                "url": "https://api.github.com/repos/pfnunes15/admedia-cms-core/zipball/1f27bb8db43f49b2803bb8fbc406a99728bf4c0b",
                "reference": "1f27bb8db43f49b2803bb8fbc406a99728bf4c0b",
                "shasum": ""
            },
            "require": {
                "ext-json": "*",
                "ext-mbstring": "*",
                "ext-pdo": "*",
                "php": ">=8.1"
            },
            "type": "library",
            "autoload": {
                "psr-4": {
                    "Admedia\\Core\\": "src/Core/",
                    "Admedia\\Cms\\": "src/Cms/",
                    "Admedia\\Shop\\": "src/Shop/"
                },
                "files": [
                    "src/Core/helpers.php"
                ]
            },
            "license": [
                "proprietary"
            ],
            "description": "The CMS shared between Admedia's sites: a small framework, an optional content layer of pages and blocks, and an optional shop.",
            "time": "2026-10-08T19:28:57+00:00"
        }
    ],
    "packages-dev": [],
    "aliases": [],
    "minimum-stability": "stable",
    "stability-flags": {},
    "prefer-stable": false,
    "prefer-lowest": false,
    "platform": {
        "php": ">=8.1"
    },
    "platform-dev": {},
    "plugin-api-version": "2.9.0"
}
