{
    "_readme": [
        "This file locks the dependencies of your project to a known state",
        "Read more about it at https://getcomposer.org/doc/01-basic-usage.md#installing-dependencies",
        "This file is @generated automatically"
    ],
    "content-hash": "35633cde5c5e51285348f9902d42febb",
    "packages": [
        {
            "name": "admedia/cms",
            "version": "v2.6.0",
            "source": {
                "type": "git",
                "url": "https://github.com/pfnunes15/admedia-cms-core.git",
                "reference": "af4f7913f4870f509b7219e7d82f49b638aa5bf3"
            },
            "dist": {
                "type": "zip",
                "url": "https://api.github.com/repos/pfnunes15/admedia-cms-core/zipball/af4f7913f4870f509b7219e7d82f49b638aa5bf3",
                "reference": "af4f7913f4870f509b7219e7d82f49b638aa5bf3",
                "shasum": ""
            },
            "require": {
                "ext-json": "*",
                "ext-mbstring": "*",
                "ext-pdo": "*",
                "php": ">=8.1"
            },
            "type": "library",
            "autoload": {
                "psr-4": {
                    "Admedia\\Core\\": "src/Core/",
                    "Admedia\\Cms\\": "src/Cms/",
                    "Admedia\\Shop\\": "src/Shop/"
                },
                "files": [
                    "src/Core/helpers.php"
                ]
            },
            "license": [
                "proprietary"
            ],
            "description": "The CMS shared between Admedia's sites: a small framework, an optional content layer of pages and blocks, and an optional shop.",
            "time": "2026-10-02T15:21:28+00:00"
        }
    ],
    "packages-dev": [],
    "aliases": [],
    "minimum-stability": "stable",
    "stability-flags": {},
    "prefer-stable": false,
    "prefer-lowest": false,
    "platform": {
        "php": ">=8.1"
    },
    "platform-dev": {},
    "plugin-api-version": "2.9.0"
}
